
Microsoft Visual Studio Solution File, Format Version 12.00
# Visual Studio Version 17
VisualStudioVersion = 17.5.33516.290
MinimumVisualStudioVersion = 10.0.40219.1
Project("{8BC9CEB8-8B4A-11D0-8D11-00A0C91BC942}") = "HonjaNolgi_C++", "HonjaNolgi_C++\HonjaNolgi_C++.vcxproj", "{F76273C3-2426-4076-BC6F-505135EAF73C}"
EndProject
Global
	GlobalSection(SolutionConfigurationPlatforms) = preSolution
		Debug|x64 = Debug|x64
		Debug|x86 = Debug|x86
		Release|x64 = Release|x64
		Release|x86 = Release|x86
	EndGlobalSection
	GlobalSection(ProjectConfigurationPlatforms) = postSolution
		{F76273C3-2426-4076-BC6F-505135EAF73C}.Debug|x64.ActiveCfg = Debug|x64
		{F76273C3-2426-4076-BC6F-505135EAF73C}.Debug|x64.Build.0 = Debug|x64
		{F76273C3-2426-4076-BC6F-505135EAF73C}.Debug|x86.ActiveCfg = Debug|Win32
		{F76273C3-2426-4076-BC6F-505135EAF73C}.Debug|x86.Build.0 = Debug|Win32
		{F76273C3-2426-4076-BC6F-505135EAF73C}.Release|x64.ActiveCfg = Release|x64
		{F76273C3-2426-4076-BC6F-505135EAF73C}.Release|x64.Build.0 = Release|x64
		{F76273C3-2426-4076-BC6F-505135EAF73C}.Release|x86.ActiveCfg = Release|Win32
		{F76273C3-2426-4076-BC6F-505135EAF73C}.Release|x86.Build.0 = Release|Win32
	EndGlobalSection
	GlobalSection(SolutionProperties) = preSolution
		HideSolutionNode = FALSE
	EndGlobalSection
	GlobalSection(ExtensibilityGlobals) = postSolution
		SolutionGuid = {5A227287-7223-4FD0-B877-AC5ECF5D63A9}
	EndGlobalSection
EndGlobal
